
Microsoft Visual Studio Solution File, Format Version 12.00
# Visual Studio Version 16
VisualStudioVersion = 16.0.32228.343
MinimumVisualStudioVersion = 10.0.40219.1
Project("{FAE04EC0-301F-11D3-BF4B-00C04F79EFBC}") = "Snare", "Snare.csproj", "{12CABBFA-C654-4233-AE69-86597DA2516A}"
EndProject
Project("{9A19103F-16F7-4668-BE54-9A1E7A4F7556}") = "Bolt", "..\Bolt\Bolt.csproj", "{4A358CE1-0754-4D8F-8626-5F5B524BDFFC}"
EndProject
Global
	GlobalSection(SolutionConfigurationPlatforms) = preSolution
		Debug|Any CPU = Debug|Any CPU
		Release|Any CPU = Release|Any CPU
	EndGlobalSection
	GlobalSection(ProjectConfigurationPlatforms) = postSolution
		{12CABBFA-C654-4233-AE69-86597DA2516A}.Debug|Any CPU.ActiveCfg = Debug|Any CPU
		{12CABBFA-C654-4233-AE69-86597DA2516A}.Debug|Any CPU.Build.0 = Debug|Any CPU
		{12CABBFA-C654-4233-AE69-86597DA2516A}.Release|Any CPU.ActiveCfg = Release|Any CPU
		{12CABBFA-C654-4233-AE69-86597DA2516A}.Release|Any CPU.Build.0 = Release|Any CPU
		{4A358CE1-0754-4D8F-8626-5F5B524BDFFC}.Debug|Any CPU.ActiveCfg = Debug|Any CPU
		{4A358CE1-0754-4D8F-8626-5F5B524BDFFC}.Debug|Any CPU.Build.0 = Debug|Any CPU
		{4A358CE1-0754-4D8F-8626-5F5B524BDFFC}.Release|Any CPU.ActiveCfg = Release|Any CPU
		{4A358CE1-0754-4D8F-8626-5F5B524BDFFC}.Release|Any CPU.Build.0 = Release|Any CPU
	EndGlobalSection
	GlobalSection(SolutionProperties) = preSolution
		HideSolutionNode = FALSE
	EndGlobalSection
	GlobalSection(ExtensibilityGlobals) = postSolution
		SolutionGuid = {505B3E2B-B022-4A94-B3EE-D3B25BB6AFDF}
	EndGlobalSection
EndGlobal
